# THIS IS AN AUTOGENERATED FILE. DO NOT EDIT THIS FILE DIRECTLY.
# yarn lockfile v1


"@esbuild/aix-ppc64@0.28.0":
  version "0.28.0"
  resolved "https://registry.yarnpkg.com/@esbuild/aix-ppc64/-/aix-ppc64-0.28.0.tgz#7a289c158e29cbf59ea0afc83cc80f06d1c89402"
  integrity sha512-lhRUCeuOyJQURhTxl4WkpFTjIsbDayJHih5kZC1giwE+MhIzAb7mEsQMqMf18rHLsrb5qI1tafG20mLxEWcWlA==

"@esbuild/android-arm64@0.28.0":
  version "0.28.0"
  resolved "https://registry.yarnpkg.com/@esbuild/android-arm64/-/android-arm64-0.28.0.tgz#b8828d9edfa3a92660644eb8de6e4f3c203d7b17"
  integrity sha512-+WzIXQOSaGs33tLEgYPYe/yQHf0WTU0X42Jca3y8NWMbUVhp7rUnw+vAsRC/QiDrdD31IszMrZy+qwPOPjd+rw==

"@esbuild/android-arm@0.28.0":
  version "0.28.0"
  resolved "https://registry.yarnpkg.com/@esbuild/android-arm/-/android-arm-0.28.0.tgz#5ec1847605e05b5dbe5df90db9ff7e3e4c58dca7"
  integrity sha512-wqh0ByljabXLKHeWXYLqoJ5jKC4XBaw6Hk08OfMrCRd2nP2ZQ5eleDZC41XHyCNgktBGYMbqnrJKq/K/lzPMSQ==

"@esbuild/android-x64@0.28.0":
  version "0.28.0"
  resolved "https://registry.yarnpkg.com/@esbuild/android-x64/-/android-x64-0.28.0.tgz#390642175b88ef82bad4cce03f8ab13fe9b1912e"
  integrity sha512-+VJggoaKhk2VNNqVL7f6S189UzShHC/mR9EE8rDdSkdpN0KflSwWY/gWjDrNxxisg8Fp1ZCD9jLMo4m0OUfeUA==

"@esbuild/darwin-arm64@0.28.0":
  version "0.28.0"
  resolved "https://registry.yarnpkg.com/@esbuild/darwin-arm64/-/darwin-arm64-0.28.0.tgz#ae45325960d5950cd6951e4f97396f4e1ff7d8d3"
  integrity sha512-0T+A9WZm+bZ84nZBtk1ckYsOvyA3x7e2Acj1KdVfV4/2tdG4fzUp91YHx+GArWLtwqp77pBXVCPn2We7Letr0Q==

"@esbuild/darwin-x64@0.28.0":
  version "0.28.0"
  resolved "https://registry.yarnpkg.com/@esbuild/darwin-x64/-/darwin-x64-0.28.0.tgz#c079247d589b6b99449659d94f06951b84bff2e4"
  integrity sha512-fyzLm/DLDl/84OCfp2f/XQ4flmORsjU7VKt8HLjvIXChJoFFOIL6pLJPH4Yhd1n1gGFF9mPwtlN5Wf82DZs+LQ==

"@esbuild/freebsd-arm64@0.28.0":
  version "0.28.0"
  resolved "https://registry.yarnpkg.com/@esbuild/freebsd-arm64/-/freebsd-arm64-0.28.0.tgz#45c456215a486593c94900297202dc11c880a37a"
  integrity sha512-l9GeW5UZBT9k9brBYI+0WDffcRxgHQD8ShN2Ur4xWq/NFzUKm3k5lsH4PdaRgb2w7mI9u61nr2gI2mLI27Nh3Q==

"@esbuild/freebsd-x64@0.28.0":
  version "0.28.0"
  resolved "https://registry.yarnpkg.com/@esbuild/freebsd-x64/-/freebsd-x64-0.28.0.tgz#0399494c1c85e4388e9b7040bd60d48f2a5b0d2c"
  integrity sha512-BXoQai/A0wPO6Es3yFJ7APCiKGc1tdAEOgeTNy3SsB491S3aHn4S4r3e976eUnPdU+NbdtmBuLncYir2tMU9Nw==

"@esbuild/linux-arm64@0.28.0":
  version "0.28.0"
  resolved "https://registry.yarnpkg.com/@esbuild/linux-arm64/-/linux-arm64-0.28.0.tgz#d6d9f09ef0de54116bf459a4d53cac7e0952fe39"
  integrity sha512-RVyzfb3FWsGA55n6WY0MEIEPURL1FcbhFE6BffZEMEekfCzCIMtB5yyDcFnVbTnwk+CLAgTujmV/Lgvih56W+A==

"@esbuild/linux-arm@0.28.0":
  version "0.28.0"
  resolved "https://registry.yarnpkg.com/@esbuild/linux-arm/-/linux-arm-0.28.0.tgz#7b42ffa84c288ae94fdc431c1b28a89e3c3b9278"
  integrity sha512-CjaaREJagqJp7iTaNQjjidaNbCKYcd4IDkzbwwxtSvjI7NZm79qiHc8HqciMddQ6CKvJT6aBd8lO9kN/ZudLlw==

"@esbuild/linux-ia32@0.28.0":
  version "0.28.0"
  resolved "https://registry.yarnpkg.com/@esbuild/linux-ia32/-/linux-ia32-0.28.0.tgz#deb15d112ed8dd605346b6b953d23a21ff81253f"
  integrity sha512-KBnSTt1kxl9x70q+ydterVdl+Cn0H18ngRMRCEQfrbqdUuntQQ0LoMZv47uB97NljZFzY6HcfqEZ2SAyIUTQBQ==

"@esbuild/linux-loong64@0.28.0":
  version "0.28.0"
  resolved "https://registry.yarnpkg.com/@esbuild/linux-loong64/-/linux-loong64-0.28.0.tgz#81fb89d07eecc79b157dea61033757726fce0ca4"
  integrity sha512-zpSlUce1mnxzgBADvxKXX5sl8aYQHo2ezvMNI8I0lbblJtp8V4odlm3Yzlj7gPyt3T8ReksE6bK+pT3WD+aJRg==

"@esbuild/linux-mips64el@0.28.0":
  version "0.28.0"
  resolved "https://registry.yarnpkg.com/@esbuild/linux-mips64el/-/linux-mips64el-0.28.0.tgz#d0e42691b3ff7af9fb2217b70fc01f343bdb62bb"
  integrity sha512-2jIfP6mmjkdmeTlsX/9vmdmhBmKADrWqN7zcdtHIeNSCH1SqIoNI63cYsjQR8J+wGa4Y5izRcSHSm8K3QWmk3w==

"@esbuild/linux-ppc64@0.28.0":
  version "0.28.0"
  resolved "https://registry.yarnpkg.com/@esbuild/linux-ppc64/-/linux-ppc64-0.28.0.tgz#389f3e5e98f17d477c467cc87136e1a076eead87"
  integrity sha512-bc0FE9wWeC0WBm49IQMPSPILRocGTQt3j5KPCA8os6VprfuJ7KD+5PzESSrJ6GmPIPJK965ZJHTUlSA6GNYEhg==

"@esbuild/linux-riscv64@0.28.0":
  version "0.28.0"
  resolved "https://registry.yarnpkg.com/@esbuild/linux-riscv64/-/linux-riscv64-0.28.0.tgz#763bd60d59b242be12da1e67d5729f3024c605fa"
  integrity sha512-SQPZOwoTTT/HXFXQJG/vBX8sOFagGqvZyXcgLA3NhIqcBv1BJU1d46c0rGcrij2B56Z2rNiSLaZOYW5cUk7yLQ==

"@esbuild/linux-s390x@0.28.0":
  version "0.28.0"
  resolved "https://registry.yarnpkg.com/@esbuild/linux-s390x/-/linux-s390x-0.28.0.tgz#aac6061634872e4677de693bce8030d73b1fd055"
  integrity sha512-SCfR0HN8CEEjnYnySJTd2cw0k9OHB/YFzt5zgJEwa+wL/T/raGWYMBqwDNAC6dqFKmJYZoQBRfHjgwLHGSrn3Q==

"@esbuild/linux-x64@0.28.0":
  version "0.28.0"
  resolved "https://registry.yarnpkg.com/@esbuild/linux-x64/-/linux-x64-0.28.0.tgz#4f2917747188fe77632bcec65b2d84b422419779"
  integrity sha512-us0dSb9iFxIi8srnpl931Nvs65it/Jd2a2K3qs7fz2WfGPHqzfzZTfec7oxZJRNPXPnNYZtanmRc4AL/JwVzHQ==

"@esbuild/netbsd-arm64@0.28.0":
  version "0.28.0"
  resolved "https://registry.yarnpkg.com/@esbuild/netbsd-arm64/-/netbsd-arm64-0.28.0.tgz#814df0ae57a0c386814491b8397eeba82094a947"
  integrity sha512-CR/RYotgtCKwtftMwJlUU7xCVNg3lMYZ0RzTmAHSfLCXw3NtZtNpswLEj/Kkf6kEL3Gw+BpOekRX0BYCtklhUw==

"@esbuild/netbsd-x64@0.28.0":
  version "0.28.0"
  resolved "https://registry.yarnpkg.com/@esbuild/netbsd-x64/-/netbsd-x64-0.28.0.tgz#e01bdf7e60fa1a08e46d46d960b0d9bb8ac210af"
  integrity sha512-nU1yhmYutL+fQ71Kxnhg8uEOdC0pwEW9entHykTgEbna2pw2dkbFSMeqjjyHZoCmt8SBkOSvV+yNmm94aUrrqw==

"@esbuild/openbsd-arm64@0.28.0":
  version "0.28.0"
  resolved "https://registry.yarnpkg.com/@esbuild/openbsd-arm64/-/openbsd-arm64-0.28.0.tgz#4a15c36aacca68d2d5a4c90b710c06759f4c1ffa"
  integrity sha512-cXb5vApOsRsxsEl4mcZ1XY3D4DzcoMxR/nnc4IyqYs0rTI8ZKmW6kyyg+11Z8yvgMfAEldKzP7AdP64HnSC/6g==

"@esbuild/openbsd-x64@0.28.0":
  version "0.28.0"
  resolved "https://registry.yarnpkg.com/@esbuild/openbsd-x64/-/openbsd-x64-0.28.0.tgz#475e6101498a8ecce3008d7c388111d7a27c17bd"
  integrity sha512-8wZM2qqtv9UP3mzy7HiGYNH/zjTA355mpeuA+859TyR+e+Tc08IHYpLJuMsfpDJwoLo1ikIJI8jC3GFjnRClzA==

"@esbuild/openharmony-arm64@0.28.0":
  version "0.28.0"
  resolved "https://registry.yarnpkg.com/@esbuild/openharmony-arm64/-/openharmony-arm64-0.28.0.tgz#cfdc3957f0b7a69f1bde129aad17fcc2f6fa033e"
  integrity sha512-FLGfyizszcef5C3YtoyQDACyg95+dndv79i2EekILBofh5wpCa1KuBqOWKrEHZg3zrL3t5ouE5jgr94vA+Wb2w==

"@esbuild/sunos-x64@0.28.0":
  version "0.28.0"
  resolved "https://registry.yarnpkg.com/@esbuild/sunos-x64/-/sunos-x64-0.28.0.tgz#a013c856fecacd1c3aec985c8afe1d1cb017497d"
  integrity sha512-1ZgjUoEdHZZl/YlV76TSCz9Hqj9h9YmMGAgAPYd+q4SicWNX3G5GCyx9uhQWSLcbvPW8Ni7lj4gDa1T40akdlw==

"@esbuild/win32-arm64@0.28.0":
  version "0.28.0"
  resolved "https://registry.yarnpkg.com/@esbuild/win32-arm64/-/win32-arm64-0.28.0.tgz#eae05e0f35271cad3898b43168d3e9a3bbaf47e5"
  integrity sha512-Q9StnDmQ/enxnpxCCLSg0oo4+34B9TdXpuyPeTedN/6+iXBJ4J+zwfQI28u/Jl40nOYAxGoNi7mFP40RUtkmUA==

"@esbuild/win32-ia32@0.28.0":
  version "0.28.0"
  resolved "https://registry.yarnpkg.com/@esbuild/win32-ia32/-/win32-ia32-0.28.0.tgz#06161ebc5bf75c08d69feb3c6b22560515913998"
  integrity sha512-zF3ag/gfiCe6U2iczcRzSYJKH1DCI+ByzSENHlM2FcDbEeo5Zd2C86Aq0tKUYAJJ1obRP84ymxIAksZUcdztHA==

"@esbuild/win32-x64@0.28.0":
  version "0.28.0"
  resolved "https://registry.yarnpkg.com/@esbuild/win32-x64/-/win32-x64-0.28.0.tgz#04d90d5752b4ce65d2b6ac25eba08ff7624fe07c"
  integrity sha512-pEl1bO9mfAmIC+tW5btTmrKaujg3zGtUmWNdCw/xs70FBjwAL3o9OEKNHvNmnyylD6ubxUERiEhdsL0xBQ9efw==

"@solana-program/system@^0.12.0":
  version "0.12.2"
  resolved "https://registry.yarnpkg.com/@solana-program/system/-/system-0.12.2.tgz#bd5d77350e4576a193324045283a7091155ef830"
  integrity sha512-MaBeOxlvTruQhA7UYkOb3hVTEHPPagOtd+PvTm6a8rGgvEAP0kD4BbC37NceOaR4ABNqdaCmD5OMVRKgrE6KAg==

"@solana-program/token@^0.13.0":
  version "0.13.0"
  resolved "https://registry.yarnpkg.com/@solana-program/token/-/token-0.13.0.tgz#6ef44f5fdc9cc4f087fcda3a001da8fe033ab678"
  integrity sha512-/Apjrd5lwOJGrPB0J5Rv7EBeclvyEBQPAGA85Scm7wBH+GpkbdLDM9uK3TNg8jjFKyWQYai/JtPHbrx7VgFLSg==
  dependencies:
    "@solana-program/system" "^0.12.0"

"@solana/accounts@6.9.0":
  version "6.9.0"
  resolved "https://registry.yarnpkg.com/@solana/accounts/-/accounts-6.9.0.tgz#82abef4a6b60afc8c336d0881872236324d1d488"
  integrity sha512-g36AJreJrgf9AAjOfbdFHEFUTymBgzbWHoEDElZ+fDKvqBINDiUVKzDApwc7C7kGPMFqQBaoEHnQRxf2IqfKZQ==
  dependencies:
    "@solana/addresses" "6.9.0"
    "@solana/codecs-core" "6.9.0"
    "@solana/codecs-strings" "6.9.0"
    "@solana/errors" "6.9.0"
    "@solana/rpc-spec" "6.9.0"
    "@solana/rpc-types" "6.9.0"

"@solana/addresses@6.9.0":
  version "6.9.0"
  resolved "https://registry.yarnpkg.com/@solana/addresses/-/addresses-6.9.0.tgz#8c6f61e8725e6fbc6395edb64761d5534654d298"
  integrity sha512-tWnG2L6lo/ZhcMT019F3myDsH87MM8EZbTO0cgwgvVPlEdIGblROFF3tGVrb7FVCOlbPI0ONCFyPbnrmR58LsA==
  dependencies:
    "@solana/assertions" "6.9.0"
    "@solana/codecs-core" "6.9.0"
    "@solana/codecs-strings" "6.9.0"
    "@solana/errors" "6.9.0"
    "@solana/nominal-types" "6.9.0"

"@solana/assertions@6.9.0":
  version "6.9.0"
  resolved "https://registry.yarnpkg.com/@solana/assertions/-/assertions-6.9.0.tgz#48236eb42c346612d237d43a925c6b4f981f26e3"
  integrity sha512-FjWWD6e0in+HFsHMvU2zKCbyPfKtDW6iGXZZ9+Qg1QUYpO1AEObsya3F7hb9RkZKUueK4WwWAQnIuvEUp3A1uA==
  dependencies:
    "@solana/errors" "6.9.0"

"@solana/codecs-core@6.9.0":
  version "6.9.0"
  resolved "https://registry.yarnpkg.com/@solana/codecs-core/-/codecs-core-6.9.0.tgz#78bbb68107082b576526ed2d6492188b66d9e5ba"
  integrity sha512-F2BmLecG/1nTtnjyD509NsEc254pxJKa2bpvotymv1lL1WfEn3zchcZ9SMIiLyL4G6J8b9F3OKIq2YSZho2AOQ==
  dependencies:
    "@solana/errors" "6.9.0"

"@solana/codecs-data-structures@6.9.0":
  version "6.9.0"
  resolved "https://registry.yarnpkg.com/@solana/codecs-data-structures/-/codecs-data-structures-6.9.0.tgz#8d04fd375bca5701fab0e2efd6f0455a0728cc41"
  integrity sha512-f7GYtiHafvJDhqiwzUUSr/6AYSK4DCw6quPmA80NZGtkNiFa+g6LoJy2wbC0wp2dxvCwNpxf6x3ILCYRutAvvg==
  dependencies:
    "@solana/codecs-core" "6.9.0"
    "@solana/codecs-numbers" "6.9.0"
    "@solana/errors" "6.9.0"

"@solana/codecs-numbers@6.9.0":
  version "6.9.0"
  resolved "https://registry.yarnpkg.com/@solana/codecs-numbers/-/codecs-numbers-6.9.0.tgz#b1847005fda2974aad7b7b1bcc212e9f1039b647"
  integrity sha512-XMI0FOHV2h7yPAllxWCX8z+J1msidNjXzN1mRjH5KR6C+vfzyKa2xWHve0bNSV/bjVAhqqhc7dQCpBKuF4+ScQ==
  dependencies:
    "@solana/codecs-core" "6.9.0"
    "@solana/errors" "6.9.0"

"@solana/codecs-strings@6.9.0":
  version "6.9.0"
  resolved "https://registry.yarnpkg.com/@solana/codecs-strings/-/codecs-strings-6.9.0.tgz#76329d3776296b474c4b7838681acb72b2cc03fe"
  integrity sha512-PTqYQxMsmdfEEq29bV1AnALD4FjFEsSxOj1fYNqooOSTEQEpUoYEQtsd55/kBsnIKltXbvYwXYXBusm19n1sQA==
  dependencies:
    "@solana/codecs-core" "6.9.0"
    "@solana/codecs-numbers" "6.9.0"
    "@solana/errors" "6.9.0"

"@solana/codecs@6.9.0":
  version "6.9.0"
  resolved "https://registry.yarnpkg.com/@solana/codecs/-/codecs-6.9.0.tgz#d62f524a71b48dc9e912492bc3cca17797f3eb98"
  integrity sha512-oWOybKa1PTGI1D/FyrvGKralADM1jmVZC2AtgEo+4JTKG0+i1p9ZbwNY2UcJqdYsDMDaGHAx0LMAid9LDCxXTQ==
  dependencies:
    "@solana/codecs-core" "6.9.0"
    "@solana/codecs-data-structures" "6.9.0"
    "@solana/codecs-numbers" "6.9.0"
    "@solana/codecs-strings" "6.9.0"
    "@solana/fixed-points" "6.9.0"
    "@solana/options" "6.9.0"

"@solana/errors@6.9.0":
  version "6.9.0"
  resolved "https://registry.yarnpkg.com/@solana/errors/-/errors-6.9.0.tgz#9652690e89e9572a0b27bb18950a7a48136cb7e2"
  integrity sha512-7i+b07KMnkbHvFlz7uWade3jvyc22UmVm8o9taxPK8YV3JNM/NkS8oQFvMac2MIaLPAlEs7I8MHyVLUal1yY4g==
  dependencies:
    chalk "5.6.2"
    commander "14.0.3"

"@solana/fast-stable-stringify@6.9.0":
  version "6.9.0"
  resolved "https://registry.yarnpkg.com/@solana/fast-stable-stringify/-/fast-stable-stringify-6.9.0.tgz#d21d3f505c1f849277ed1e40998e16456e4acd98"
  integrity sha512-l14zGVsURbT5Aox/kLFQywqV4VaE9/j3h2EvCu9oULVPMwzQB6yezJb1/KyiDwhm/RscooPd0gFQFIKEGQbayw==

"@solana/fixed-points@6.9.0":
  version "6.9.0"
  resolved "https://registry.yarnpkg.com/@solana/fixed-points/-/fixed-points-6.9.0.tgz#9db86eeb54cb14d1a45d8b512d4ce982fccdc90d"
  integrity sha512-0K7mbYC4jdAZFlXqXjpNanmEyZxk7K9NtXDLc1zuhGuxwH8J9guvohwdw2V7TQ9bfjCYsprY3Tp2kUVQpECGmA==
  dependencies:
    "@solana/codecs-core" "6.9.0"
    "@solana/errors" "6.9.0"

"@solana/functional@6.9.0":
  version "6.9.0"
  resolved "https://registry.yarnpkg.com/@solana/functional/-/functional-6.9.0.tgz#305408d892dd7ff0d575b29519fee8a3246a683c"
  integrity sha512-sgNHOaIjETZZuziZdlwPsU5EjBVj5M0dUbwrSQTTNZe0SxX3pQ1QFVcs5KyvdS7AQcpBVdLjx4CfQjdKXk52GA==

"@solana/instruction-plans@6.9.0":
  version "6.9.0"
  resolved "https://registry.yarnpkg.com/@solana/instruction-plans/-/instruction-plans-6.9.0.tgz#79203fad8acc25fd02e61b324fa6764a30589d34"
  integrity sha512-SxTSOetEKD+WPzvDuYRsP1+KkwUp8KqL1n7oFx9ThxjyfEY0ly0i9KdbvX5yYVDOA2TSwrltgdu14y/Pf6y3Cg==
  dependencies:
    "@solana/errors" "6.9.0"
    "@solana/instructions" "6.9.0"
    "@solana/keys" "6.9.0"
    "@solana/promises" "6.9.0"
    "@solana/transaction-messages" "6.9.0"
    "@solana/transactions" "6.9.0"

"@solana/instructions@6.9.0":
  version "6.9.0"
  resolved "https://registry.yarnpkg.com/@solana/instructions/-/instructions-6.9.0.tgz#555594e9115f85c377450ecd6c5a209668263054"
  integrity sha512-LZfJx3bGdUSbGaswoOEPHygticqkCg3TusRczPJXyCmKhoQzPCcGQQ99qMzP7Wg8pEV5tWA5t7tycf8E237ydg==
  dependencies:
    "@solana/codecs-core" "6.9.0"
    "@solana/errors" "6.9.0"

"@solana/keys@6.9.0":
  version "6.9.0"
  resolved "https://registry.yarnpkg.com/@solana/keys/-/keys-6.9.0.tgz#7e6b1fa17d5f93e9df6324c67bd79134ba5d4dc1"
  integrity sha512-1g2QARiqSjNqT0EIqLDLQ5vRm7hCsbqgFwFAp5GsMV/8BTYT8s1Ct2wLHDZiJ4eAX6beTHVf8LbOBfVejtn3oQ==
  dependencies:
    "@solana/assertions" "6.9.0"
    "@solana/codecs-core" "6.9.0"
    "@solana/codecs-strings" "6.9.0"
    "@solana/errors" "6.9.0"
    "@solana/nominal-types" "6.9.0"
    "@solana/promises" "6.9.0"

"@solana/kit@^6.9.0":
  version "6.9.0"
  resolved "https://registry.yarnpkg.com/@solana/kit/-/kit-6.9.0.tgz#1aa99d8fc3507f185d6233be9051eff172770dba"
  integrity sha512-k7BRz7Akfv8wiRtlCR/xUyDLfuMfYMelMR1+AC5KgwaRRJReDF0BucMLNN1In7WoI+KuWwr1OKv4na/oKpyeAQ==
  dependencies:
    "@solana/accounts" "6.9.0"
    "@solana/addresses" "6.9.0"
    "@solana/codecs" "6.9.0"
    "@solana/errors" "6.9.0"
    "@solana/functional" "6.9.0"
    "@solana/instruction-plans" "6.9.0"
    "@solana/instructions" "6.9.0"
    "@solana/keys" "6.9.0"
    "@solana/offchain-messages" "6.9.0"
    "@solana/plugin-core" "6.9.0"
    "@solana/plugin-interfaces" "6.9.0"
    "@solana/program-client-core" "6.9.0"
    "@solana/programs" "6.9.0"
    "@solana/rpc" "6.9.0"
    "@solana/rpc-api" "6.9.0"
    "@solana/rpc-parsed-types" "6.9.0"
    "@solana/rpc-spec-types" "6.9.0"
    "@solana/rpc-subscriptions" "6.9.0"
    "@solana/rpc-types" "6.9.0"
    "@solana/signers" "6.9.0"
    "@solana/subscribable" "6.9.0"
    "@solana/sysvars" "6.9.0"
    "@solana/transaction-confirmation" "6.9.0"
    "@solana/transaction-messages" "6.9.0"
    "@solana/transactions" "6.9.0"

"@solana/nominal-types@6.9.0":
  version "6.9.0"
  resolved "https://registry.yarnpkg.com/@solana/nominal-types/-/nominal-types-6.9.0.tgz#88f4fc7f20b5c41abc77deb93a076b6e2db99021"
  integrity sha512-ouhrnY7a6nsLXRGcariwcmHDdXroCNqOuzwtdjKt2c8e8Drwao9yxPH2VoViNgpq8IGNJeQMEI1TVnoJZRn0gw==

"@solana/offchain-messages@6.9.0":
  version "6.9.0"
  resolved "https://registry.yarnpkg.com/@solana/offchain-messages/-/offchain-messages-6.9.0.tgz#6f85619fac4a210b549613ab6d73f5445b087dc7"
  integrity sha512-qK3tqRPb+E0kmTz5qFXZbEdF4pyzfOWRZjyVESHVGemDDeGzZ1SV3zAxcA6HBCnv4wCBnlyaDPw8t+5sryNMAw==
  dependencies:
    "@solana/addresses" "6.9.0"
    "@solana/codecs-core" "6.9.0"
    "@solana/codecs-data-structures" "6.9.0"
    "@solana/codecs-numbers" "6.9.0"
    "@solana/codecs-strings" "6.9.0"
    "@solana/errors" "6.9.0"
    "@solana/keys" "6.9.0"
    "@solana/nominal-types" "6.9.0"

"@solana/options@6.9.0":
  version "6.9.0"
  resolved "https://registry.yarnpkg.com/@solana/options/-/options-6.9.0.tgz#1f5df9cb4610cf1bf7a99a811101000dadaa44a2"
  integrity sha512-H5ZRWNzzLMwHU/fRU9aVx+3TaMN4gDNCUYxsZxq0h7mqiwxFy6mpy95xPsfdldthCHDYtYnUTxe2sBatGbNHig==
  dependencies:
    "@solana/codecs-core" "6.9.0"
    "@solana/codecs-data-structures" "6.9.0"
    "@solana/codecs-numbers" "6.9.0"
    "@solana/codecs-strings" "6.9.0"
    "@solana/errors" "6.9.0"

"@solana/plugin-core@6.9.0":
  version "6.9.0"
  resolved "https://registry.yarnpkg.com/@solana/plugin-core/-/plugin-core-6.9.0.tgz#ab9343204146703e394a63ab9c358e2b653a6b47"
  integrity sha512-KslLSnzY8zbGZibEBVMVUm2ZS8T2xf+cut7F65VjWPoWNAxU+p7933wsMz/az6CF7b65RI7iU3HhCr5/5QF50w==

"@solana/plugin-interfaces@6.9.0":
  version "6.9.0"
  resolved "https://registry.yarnpkg.com/@solana/plugin-interfaces/-/plugin-interfaces-6.9.0.tgz#7d96977ed6708ba319d48e9cc1eeb8d22419cbd8"
  integrity sha512-Qj4sk9thkM1UgnFXvWIoezd/CbqpX/2jigLBDsMB5Ed/gmFlkBSTL127LFDSY3OtzBpXl4hROs+Zqv+5xqtguA==
  dependencies:
    "@solana/addresses" "6.9.0"
    "@solana/instruction-plans" "6.9.0"
    "@solana/keys" "6.9.0"
    "@solana/rpc-spec" "6.9.0"
    "@solana/rpc-subscriptions-spec" "6.9.0"
    "@solana/rpc-types" "6.9.0"
    "@solana/signers" "6.9.0"

"@solana/program-client-core@6.9.0", "@solana/program-client-core@^6.9.0":
  version "6.9.0"
  resolved "https://registry.yarnpkg.com/@solana/program-client-core/-/program-client-core-6.9.0.tgz#02bc7bfc619e38162610dc18785d73e7e4d599e7"
  integrity sha512-+iUnsddhs72QoBJoUO+/yHUXoBvYWa1sGCBRJk35zeg8j7ZXEwRkk6eX0VOrUPxhEpQbYJsIOCrIYApNIt8RFw==
  dependencies:
    "@solana/accounts" "6.9.0"
    "@solana/addresses" "6.9.0"
    "@solana/codecs-core" "6.9.0"
    "@solana/errors" "6.9.0"
    "@solana/instruction-plans" "6.9.0"
    "@solana/instructions" "6.9.0"
    "@solana/plugin-interfaces" "6.9.0"
    "@solana/rpc-api" "6.9.0"
    "@solana/signers" "6.9.0"

"@solana/programs@6.9.0":
  version "6.9.0"
  resolved "https://registry.yarnpkg.com/@solana/programs/-/programs-6.9.0.tgz#17c0b9c1a5ef0bb513d77f1efe2d201845f45a7c"
  integrity sha512-L9LAnQtfFFcCDLcbbnxhUtgAmu/kS4aRmrVncdnX5CFyQshlpo0/Qhrq3UA7vnhute4gjYV4pFT+64onH5qGEQ==
  dependencies:
    "@solana/addresses" "6.9.0"
    "@solana/errors" "6.9.0"

"@solana/promises@6.9.0":
  version "6.9.0"
  resolved "https://registry.yarnpkg.com/@solana/promises/-/promises-6.9.0.tgz#8e78ee54a285a24ca455f84cb14494ef49b3f856"
  integrity sha512-227PlXRi6KZX4ODYTkJitr9InSa79NTquI72slay4gzxO9VmMepgvYdMAX6kawdN5pt+VzaklKhNhWXk50Pi9g==

"@solana/rpc-api@6.9.0":
  version "6.9.0"
  resolved "https://registry.yarnpkg.com/@solana/rpc-api/-/rpc-api-6.9.0.tgz#54ea5efa5d7b4d79a8790e2e48b5baa96de5da08"
  integrity sha512-3KhXS6A1ie6GqTywW/KEMSXJ1VJEU66fxjhuiiqPILuJstP7kex3ycr3H6DirKydUsy6gaKaPN43rE+LfyS7OA==
  dependencies:
    "@solana/addresses" "6.9.0"
    "@solana/codecs-core" "6.9.0"
    "@solana/codecs-strings" "6.9.0"
    "@solana/errors" "6.9.0"
    "@solana/keys" "6.9.0"
    "@solana/rpc-parsed-types" "6.9.0"
    "@solana/rpc-spec" "6.9.0"
    "@solana/rpc-transformers" "6.9.0"
    "@solana/rpc-types" "6.9.0"
    "@solana/transaction-messages" "6.9.0"
    "@solana/transactions" "6.9.0"

"@solana/rpc-parsed-types@6.9.0":
  version "6.9.0"
  resolved "https://registry.yarnpkg.com/@solana/rpc-parsed-types/-/rpc-parsed-types-6.9.0.tgz#84288f351fd5d26d2761eb2da98acf61ce57c752"
  integrity sha512-6ThH8izY+DWDyrVOOlS40vTcFjwjCinjfqnId7zhRk8OxhkfHQ/iEj+OnGwD4Yhe8pGdVa7GNVYlrQgQgzQ3eQ==

"@solana/rpc-spec-types@6.9.0":
  version "6.9.0"
  resolved "https://registry.yarnpkg.com/@solana/rpc-spec-types/-/rpc-spec-types-6.9.0.tgz#a6c88e9a8ef04b8c3b48c450b200defaf50b7031"
  integrity sha512-A4fY1JRrcKqX3EfttO4Q8L97nGPqdjfekAV0eDyxN5nu9ngf5p7GKenkl7AYDoHLNr6ZX/C96cRADxXjsRJ0iA==

"@solana/rpc-spec@6.9.0":
  version "6.9.0"
  resolved "https://registry.yarnpkg.com/@solana/rpc-spec/-/rpc-spec-6.9.0.tgz#8f21e023ec5fdf162e77fa3ecff00c1072d7aa0e"
  integrity sha512-3yHRoChc0IpsJbUq0/94l+ar3t9U3Ax58W0HON7eyYe7zFP10UAxpkHn7DPch9DeALyuGph8kVnvl+kXRgJlGg==
  dependencies:
    "@solana/errors" "6.9.0"
    "@solana/rpc-spec-types" "6.9.0"

"@solana/rpc-subscriptions-api@6.9.0":
  version "6.9.0"
  resolved "https://registry.yarnpkg.com/@solana/rpc-subscriptions-api/-/rpc-subscriptions-api-6.9.0.tgz#f63111f92f96ed98fd0c58be4cad94cf7a781b53"
  integrity sha512-UA/rPQeNx6zQMUFcS8PPPuB4vzUOtSzIY/igMH0DRoP020NyES2GguIb7Zo7sqDNi4n0gkQRhoW4dPVotcNKdA==
  dependencies:
    "@solana/addresses" "6.9.0"
    "@solana/keys" "6.9.0"
    "@solana/rpc-subscriptions-spec" "6.9.0"
    "@solana/rpc-transformers" "6.9.0"
    "@solana/rpc-types" "6.9.0"
    "@solana/transaction-messages" "6.9.0"
    "@solana/transactions" "6.9.0"

"@solana/rpc-subscriptions-channel-websocket@6.9.0":
  version "6.9.0"
  resolved "https://registry.yarnpkg.com/@solana/rpc-subscriptions-channel-websocket/-/rpc-subscriptions-channel-websocket-6.9.0.tgz#c3646d93f65098bc832e0a9f58c03e8f7423ccf7"
  integrity sha512-kT8Yne9HjJD2gooaOFNSyKrvaIfOy2GR0Ymv8OfecBCwFStdz+SPo5eYXq8ZWoZbr5E/MMpHgqsHBanqa2Ffyg==
  dependencies:
    "@solana/errors" "6.9.0"
    "@solana/functional" "6.9.0"
    "@solana/rpc-subscriptions-spec" "6.9.0"
    "@solana/subscribable" "6.9.0"
    ws "^8.19.0"

"@solana/rpc-subscriptions-spec@6.9.0":
  version "6.9.0"
  resolved "https://registry.yarnpkg.com/@solana/rpc-subscriptions-spec/-/rpc-subscriptions-spec-6.9.0.tgz#2790efd94e784f704d5a6e58b838f2f6a0627286"
  integrity sha512-DbaG67s99vRZQxFMK80UQ7DEKkRJK6JEZeYg/U5UttD6n7ax/vct7qopxGnrt4RCkaaac2fU8Sr+fcnvWQweUg==
  dependencies:
    "@solana/errors" "6.9.0"
    "@solana/promises" "6.9.0"
    "@solana/rpc-spec-types" "6.9.0"
    "@solana/subscribable" "6.9.0"

"@solana/rpc-subscriptions@6.9.0":
  version "6.9.0"
  resolved "https://registry.yarnpkg.com/@solana/rpc-subscriptions/-/rpc-subscriptions-6.9.0.tgz#857f0ace838e14cef7bf782860c5fab4fbf5de61"
  integrity sha512-IMctZQaMxzvRACQ6ooW98lP+7tVoUJnRgOZtkAdzgBizldQAYPIKd3MulP0jbQPCMfdPsa2Hs0NBcUwfgonq3w==
  dependencies:
    "@solana/errors" "6.9.0"
    "@solana/fast-stable-stringify" "6.9.0"
    "@solana/functional" "6.9.0"
    "@solana/promises" "6.9.0"
    "@solana/rpc-spec-types" "6.9.0"
    "@solana/rpc-subscriptions-api" "6.9.0"
    "@solana/rpc-subscriptions-channel-websocket" "6.9.0"
    "@solana/rpc-subscriptions-spec" "6.9.0"
    "@solana/rpc-transformers" "6.9.0"
    "@solana/rpc-types" "6.9.0"
    "@solana/subscribable" "6.9.0"

"@solana/rpc-transformers@6.9.0":
  version "6.9.0"
  resolved "https://registry.yarnpkg.com/@solana/rpc-transformers/-/rpc-transformers-6.9.0.tgz#ddcbad4b8504b5c3a14c3fdde31053cb95749bbe"
  integrity sha512-dg4LK2wEBpaY+KRk/SJIkYvrvjdsc1AwD4bkmGY4Fp7EwVlvwBQShAQn78Qi4IP0WQ/0n9ncFyUxgcB1Y01ZuQ==
  dependencies:
    "@solana/errors" "6.9.0"
    "@solana/functional" "6.9.0"
    "@solana/nominal-types" "6.9.0"
    "@solana/rpc-spec-types" "6.9.0"
    "@solana/rpc-types" "6.9.0"

"@solana/rpc-transport-http@6.9.0":
  version "6.9.0"
  resolved "https://registry.yarnpkg.com/@solana/rpc-transport-http/-/rpc-transport-http-6.9.0.tgz#e5d1559df421835d33f14bf4156020a634344d9c"
  integrity sha512-4gy30fWJcS6jrcXCoP/optFpGJ/gD9xdkE8wDbe1Ys/Y+e4XjyBt45xtTnbdmMdukvdRX+oXS3zgUIYoagpNzQ==
  dependencies:
    "@solana/errors" "6.9.0"
    "@solana/rpc-spec" "6.9.0"
    "@solana/rpc-spec-types" "6.9.0"
    undici-types "^8.2.0"

"@solana/rpc-types@6.9.0":
  version "6.9.0"
  resolved "https://registry.yarnpkg.com/@solana/rpc-types/-/rpc-types-6.9.0.tgz#73e6d48cbdbeadcd0af9106ddd00922f57c1ab87"
  integrity sha512-iFhPzZK3qiQ1lhfNTNBTI7BIs5PfWZSgRLD3enKm8ZAQggzvUklfO3KPh47jVsc/Jsr1UGPH8M3o3m17qjO1Cg==
  dependencies:
    "@solana/addresses" "6.9.0"
    "@solana/codecs-core" "6.9.0"
    "@solana/codecs-numbers" "6.9.0"
    "@solana/codecs-strings" "6.9.0"
    "@solana/errors" "6.9.0"
    "@solana/fixed-points" "6.9.0"
    "@solana/nominal-types" "6.9.0"

"@solana/rpc@6.9.0":
  version "6.9.0"
  resolved "https://registry.yarnpkg.com/@solana/rpc/-/rpc-6.9.0.tgz#ba008e7b1f894b3d94ea76c54be12eb09c58e788"
  integrity sha512-ny1Kt20+oq3xZErNA56+Magmb2JKYfQgHwZTsBmHKVl/9mBpv1y1+ygV+KNiiX/wWXWstLbdIo1jgPwZPbU2Vg==
  dependencies:
    "@solana/errors" "6.9.0"
    "@solana/fast-stable-stringify" "6.9.0"
    "@solana/functional" "6.9.0"
    "@solana/rpc-api" "6.9.0"
    "@solana/rpc-spec" "6.9.0"
    "@solana/rpc-spec-types" "6.9.0"
    "@solana/rpc-transformers" "6.9.0"
    "@solana/rpc-transport-http" "6.9.0"
    "@solana/rpc-types" "6.9.0"

"@solana/signers@6.9.0":
  version "6.9.0"
  resolved "https://registry.yarnpkg.com/@solana/signers/-/signers-6.9.0.tgz#c3f7a7415ef9615e45b2d3010543b914bc7c12b4"
  integrity sha512-x7WyoRm9IORMqeSqNivZgyY+RERPkmqWxpINPD13kUH+oaZzonORIgxk2Lz+u5iPRXiJPkdRPrQ4FoFWv8i6kQ==
  dependencies:
    "@solana/addresses" "6.9.0"
    "@solana/codecs-core" "6.9.0"
    "@solana/errors" "6.9.0"
    "@solana/instructions" "6.9.0"
    "@solana/keys" "6.9.0"
    "@solana/nominal-types" "6.9.0"
    "@solana/offchain-messages" "6.9.0"
    "@solana/transaction-messages" "6.9.0"
    "@solana/transactions" "6.9.0"

"@solana/subscribable@6.9.0":
  version "6.9.0"
  resolved "https://registry.yarnpkg.com/@solana/subscribable/-/subscribable-6.9.0.tgz#781c9c94ce00b18ed104b07091dfe7d506cdae42"
  integrity sha512-YV0/BrJNfepf10CTfLwD7kRY1kkELDHd+BbHJZhBeiuiXTY3xQTvvx1RFs3NtfFCcTHG25Uh8NpRacQJnxSSIQ==
  dependencies:
    "@solana/errors" "6.9.0"

"@solana/sysvars@6.9.0":
  version "6.9.0"
  resolved "https://registry.yarnpkg.com/@solana/sysvars/-/sysvars-6.9.0.tgz#5a5941245a14a1cbe231b0be07c93743f5bcae66"
  integrity sha512-e0e+QKr/th9t/O2N1oUoJmcodLghzAtWKUlGb1zyYub0/WJrPImnKqJqp/gDP4tK98mJxopPMcprCeHk4B+TQg==
  dependencies:
    "@solana/accounts" "6.9.0"
    "@solana/codecs-core" "6.9.0"
    "@solana/codecs-data-structures" "6.9.0"
    "@solana/codecs-numbers" "6.9.0"
    "@solana/errors" "6.9.0"
    "@solana/rpc-types" "6.9.0"

"@solana/transaction-confirmation@6.9.0":
  version "6.9.0"
  resolved "https://registry.yarnpkg.com/@solana/transaction-confirmation/-/transaction-confirmation-6.9.0.tgz#17bac847e9f79a7aaf4638f8988257a7a55cdc47"
  integrity sha512-fzYCOih7hhtBzzNSkAnxMjeFeQ8U7e27k9i0RsgQc3/e3OCynF5HoIVNhhqZbwfIBKiaD4ginJR6slRnfqO32Q==
  dependencies:
    "@solana/addresses" "6.9.0"
    "@solana/codecs-strings" "6.9.0"
    "@solana/errors" "6.9.0"
    "@solana/keys" "6.9.0"
    "@solana/promises" "6.9.0"
    "@solana/rpc" "6.9.0"
    "@solana/rpc-subscriptions" "6.9.0"
    "@solana/rpc-types" "6.9.0"
    "@solana/transaction-messages" "6.9.0"
    "@solana/transactions" "6.9.0"

"@solana/transaction-messages@6.9.0":
  version "6.9.0"
  resolved "https://registry.yarnpkg.com/@solana/transaction-messages/-/transaction-messages-6.9.0.tgz#8977ee3b6fea1d011d78a34d3b3867838f4fd485"
  integrity sha512-OWpryt0w6SHlwHx12Vd1wvx2QwSGBXAIUEHTCtkctcM3AaZRy5cIl7CAq9iD5PgahUsaOyRLBV0zlCJcC2JrJA==
  dependencies:
    "@solana/addresses" "6.9.0"
    "@solana/codecs-core" "6.9.0"
    "@solana/codecs-data-structures" "6.9.0"
    "@solana/codecs-numbers" "6.9.0"
    "@solana/errors" "6.9.0"
    "@solana/functional" "6.9.0"
    "@solana/instructions" "6.9.0"
    "@solana/nominal-types" "6.9.0"
    "@solana/rpc-types" "6.9.0"

"@solana/transactions@6.9.0":
  version "6.9.0"
  resolved "https://registry.yarnpkg.com/@solana/transactions/-/transactions-6.9.0.tgz#5161cad07765392feaff780833820c15056c4ca8"
  integrity sha512-uKPzLwHbjwChfVl82he17ntkh02PfgnMMhN7uOAC+VbkIt1O+EEw8sX87gi6kdG/EV+QBDQXm9PLAo5W0tYylw==
  dependencies:
    "@solana/addresses" "6.9.0"
    "@solana/codecs-core" "6.9.0"
    "@solana/codecs-data-structures" "6.9.0"
    "@solana/codecs-numbers" "6.9.0"
    "@solana/codecs-strings" "6.9.0"
    "@solana/errors" "6.9.0"
    "@solana/functional" "6.9.0"
    "@solana/instructions" "6.9.0"
    "@solana/keys" "6.9.0"
    "@solana/nominal-types" "6.9.0"
    "@solana/rpc-types" "6.9.0"
    "@solana/transaction-messages" "6.9.0"

"@types/node@^25.9.1":
  version "25.9.1"
  resolved "https://registry.yarnpkg.com/@types/node/-/node-25.9.1.tgz#3bda556db500ae4319c08e7fc9ab94f19013ba0b"
  integrity sha512-xfrlY7UD5rMJk3ZVJP8BNzS28J36YJg+xp+LPXV1TdWxr8uMH5A860QNxYDGQe/ylDSgjxE52Q9VnO7p75tJxg==
  dependencies:
    undici-types ">=7.24.0 <7.24.7"

chalk@5.6.2:
  version "5.6.2"
  resolved "https://registry.yarnpkg.com/chalk/-/chalk-5.6.2.tgz#b1238b6e23ea337af71c7f8a295db5af0c158aea"
  integrity sha512-7NzBL0rN6fMUW+f7A6Io4h40qQlG+xGmtMxfbnH/K7TAtt8JQWVQK+6g0UXKMeVJoyV5EkkNsErQ8pVD3bLHbA==

commander@14.0.3:
  version "14.0.3"
  resolved "https://registry.yarnpkg.com/commander/-/commander-14.0.3.tgz#425d79b48f9af82fcd9e4fc1ea8af6c5ec07bbc2"
  integrity sha512-H+y0Jo/T1RZ9qPP4Eh1pkcQcLRglraJaSLoyOtHxu6AapkjWVCy2Sit1QQ4x3Dng8qDlSsZEet7g5Pq06MvTgw==

esbuild@~0.28.0:
  version "0.28.0"
  resolved "https://registry.yarnpkg.com/esbuild/-/esbuild-0.28.0.tgz#5dee347ffb3e3874212a35a69836b077b1ce6d96"
  integrity sha512-sNR9MHpXSUV/XB4zmsFKN+QgVG82Cc7+/aaxJ8Adi8hyOac+EXptIp45QBPaVyX3N70664wRbTcLTOemCAnyqw==
  optionalDependencies:
    "@esbuild/aix-ppc64" "0.28.0"
    "@esbuild/android-arm" "0.28.0"
    "@esbuild/android-arm64" "0.28.0"
    "@esbuild/android-x64" "0.28.0"
    "@esbuild/darwin-arm64" "0.28.0"
    "@esbuild/darwin-x64" "0.28.0"
    "@esbuild/freebsd-arm64" "0.28.0"
    "@esbuild/freebsd-x64" "0.28.0"
    "@esbuild/linux-arm" "0.28.0"
    "@esbuild/linux-arm64" "0.28.0"
    "@esbuild/linux-ia32" "0.28.0"
    "@esbuild/linux-loong64" "0.28.0"
    "@esbuild/linux-mips64el" "0.28.0"
    "@esbuild/linux-ppc64" "0.28.0"
    "@esbuild/linux-riscv64" "0.28.0"
    "@esbuild/linux-s390x" "0.28.0"
    "@esbuild/linux-x64" "0.28.0"
    "@esbuild/netbsd-arm64" "0.28.0"
    "@esbuild/netbsd-x64" "0.28.0"
    "@esbuild/openbsd-arm64" "0.28.0"
    "@esbuild/openbsd-x64" "0.28.0"
    "@esbuild/openharmony-arm64" "0.28.0"
    "@esbuild/sunos-x64" "0.28.0"
    "@esbuild/win32-arm64" "0.28.0"
    "@esbuild/win32-ia32" "0.28.0"
    "@esbuild/win32-x64" "0.28.0"

fsevents@~2.3.3:
  version "2.3.3"
  resolved "https://registry.yarnpkg.com/fsevents/-/fsevents-2.3.3.tgz#cac6407785d03675a2a5e1a5305c697b347d90d6"
  integrity sha512-5xoDfX+fL7faATnagmWPpbFtwh/R77WmMMqqHGS65C3vvB0YHrgF+B1YmZ3441tMj5n63k0212XNoJwzlhffQw==

litesvm-darwin-arm64@1.1.0:
  version "1.1.0"
  resolved "https://registry.yarnpkg.com/litesvm-darwin-arm64/-/litesvm-darwin-arm64-1.1.0.tgz#28e0bbc6f4076cf4d2181d48abb718e911887102"
  integrity sha512-SjcivEOOjBk65U6TgIeMJ7CCnHNKQXHx0qf6K6GIFZC1aHTg7ePrEi+WhAQD6VUBMdDHIMCVKC/uXnXPi6EKIw==

litesvm-darwin-x64@1.1.0:
  version "1.1.0"
  resolved "https://registry.yarnpkg.com/litesvm-darwin-x64/-/litesvm-darwin-x64-1.1.0.tgz#69740b0aecbb062d0c745fab2173686f463423f0"
  integrity sha512-hTs+eZ9sHVZXhjggpnn/8A/E+Nt/E6Gf8E2ejdWWL9bBQKmq1Y0VcrDpORbIvqqRpTLHXqbxCuH1wQB2C8frJg==

litesvm-linux-arm64-gnu@1.1.0:
  version "1.1.0"
  resolved "https://registry.yarnpkg.com/litesvm-linux-arm64-gnu/-/litesvm-linux-arm64-gnu-1.1.0.tgz#b02cdbc2bee8899d9a0c64b098815fb90aa3aaf7"
  integrity sha512-6EjJ6+E+1SUXdJmCyeyhvlKhNncccqQNH241+P8d4E72rE3zuFxeCtLHhusCQk2p/Xau3dBI0qTLogZ1F1IGSA==

litesvm-linux-arm64-musl@1.1.0:
  version "1.1.0"
  resolved "https://registry.yarnpkg.com/litesvm-linux-arm64-musl/-/litesvm-linux-arm64-musl-1.1.0.tgz#4a853aba08fc77d41bcf9f1869a15c183a586e18"
  integrity sha512-mNuBOfX6GnDFT2i/kYPWud7eZGe57dDP0u4lwiSTQPRE0BxQbGZT2aEwX8LTwbonhbc6HSt50LamaZZzK4h4ig==

litesvm-linux-x64-gnu@1.1.0:
  version "1.1.0"
  resolved "https://registry.yarnpkg.com/litesvm-linux-x64-gnu/-/litesvm-linux-x64-gnu-1.1.0.tgz#369ab59d9eb552a575b4365a8b75db2db52ce19e"
  integrity sha512-Ot8RgUVlMKzKJi2nVDxaHVo0hjB5vtYTomYNIf26mIA32DOy0+dQfwOqUhynhvvSMxN3VFec3r/OtCnk6lRBrw==

litesvm-linux-x64-musl@1.1.0:
  version "1.1.0"
  resolved "https://registry.yarnpkg.com/litesvm-linux-x64-musl/-/litesvm-linux-x64-musl-1.1.0.tgz#d25c25b85440ba817e46ffa19b0e3ce029f85f9a"
  integrity sha512-6kmneOIsTBSActELRTwxIYVJOVaLm3P6uwlmkqc9BUtDAQ7bRdRmwREWSbM8XxKBGw2LjiUfgRJ5WJGYo8fUFg==

litesvm@^1.1.0:
  version "1.1.0"
  resolved "https://registry.yarnpkg.com/litesvm/-/litesvm-1.1.0.tgz#2f3eefa2e5f061fd4e24c6a391a12cea9b25d723"
  integrity sha512-UOlMIEst50gSUyPnC2pGjGLygH8iC/GOqnNXQIHc8iGwD76m44ReeA/0h0vu/AIieZ2zG5/ERLxFV0kdNxkNsA==
  dependencies:
    "@solana-program/system" "^0.12.0"
    "@solana-program/token" "^0.13.0"
    "@solana/kit" "^6.9.0"
  optionalDependencies:
    litesvm-darwin-arm64 "1.1.0"
    litesvm-darwin-x64 "1.1.0"
    litesvm-linux-arm64-gnu "1.1.0"
    litesvm-linux-arm64-musl "1.1.0"
    litesvm-linux-x64-gnu "1.1.0"
    litesvm-linux-x64-musl "1.1.0"

tsx@^4.22.4:
  version "4.22.4"
  resolved "https://registry.yarnpkg.com/tsx/-/tsx-4.22.4.tgz#0ab3b7fb4ec7feeee74e5b1f26337caa71e44700"
  integrity sha512-X8EX+XV4QR5xCsrgxaED954zTDfY8KqlDtskKEL0cHhyS/P8b4IFOvGDQpsC9Q1XnLq915wEfwwY/zzskCtmhg==
  dependencies:
    esbuild "~0.28.0"
  optionalDependencies:
    fsevents "~2.3.3"

typescript@^6.0.3:
  version "6.0.3"
  resolved "https://registry.yarnpkg.com/typescript/-/typescript-6.0.3.tgz#90251dc007916e972786cb94d74d15b185577d21"
  integrity sha512-y2TvuxSZPDyQakkFRPZHKFm+KKVqIisdg9/CZwm9ftvKXLP8NRWj38/ODjNbr43SsoXqNuAisEf1GdCxqWcdBw==

"undici-types@>=7.24.0 <7.24.7":
  version "7.24.6"
  resolved "https://registry.yarnpkg.com/undici-types/-/undici-types-7.24.6.tgz#61275b485d7fd4e9d269c7cf04ec2873c9cc0f91"
  integrity sha512-WRNW+sJgj5OBN4/0JpHFqtqzhpbnV0GuB+OozA9gCL7a993SmU+1JBZCzLNxYsbMfIeDL+lTsphD5jN5N+n0zg==

undici-types@^8.2.0:
  version "8.3.0"
  resolved "https://registry.yarnpkg.com/undici-types/-/undici-types-8.3.0.tgz#44e9fc9f3244648cdea35e4f9bb2d681e9410809"
  integrity sha512-j375ScV60dom+YkPFIfTLcOiPxkN/buHz5GobjLhixFuANaNs3C9l4GmrWqejgXWJ7BbJcFYpTEUkS1Ge8bpZQ==

ws@^8.19.0:
  version "8.21.0"
  resolved "https://registry.yarnpkg.com/ws/-/ws-8.21.0.tgz#012e413fc07429945121b0c153158c4343086951"
  integrity sha512-Vsp28b7DRcimFQvrqu2Wek3z1iYxDCWqHYB8Qsnk/S4RfaCQzPGPyBNuVjJV3cd6UiKtUtp6sNM77gWvzcCH+g==
